
Microsoft Visual Studio Solution File, Format Version 12.00
# Visual Studio Version 16
VisualStudioVersion = 16.0.30204.135
MinimumVisualStudioVersion = 15.0.26124.0
Project("{9A19103F-16F7-4668-BE54-9A1E7A4F7556}") = "ChatBot.Service", "src\ChatBot.Service\ChatBot.Service.csproj", "{C120D0A9-6B90-4BDC-AA9F-CCDD22B81115}"
EndProject
Project("{FAE04EC0-301F-11D3-BF4B-00C04F79EFBC}") = "ChatBot.Repository.Contracts", "src\ChatBot.Repository.Contracts\ChatBot.Repository.Contracts.csproj", "{66DD66A5-D25B-434E-AD83-136D4A457F88}"
EndProject
Project("{FAE04EC0-301F-11D3-BF4B-00C04F79EFBC}") = "ChatBot.Repository.MongoDb", "src\ChatBot.Repository.MongoDb\ChatBot.Repository.MongoDb.csproj", "{EBB521A1-F78F-4DD4-AE8A-DE544357E5E6}"
EndProject
Project("{FAE04EC0-301F-11D3-BF4B-00C04F79EFBC}") = "ChatBot.Business.Contracts", "ChatBot.Business.Contracts\ChatBot.Business.Contracts.csproj", "{DCDBEC54-8BC0-4C36-AA84-5D5562E4E167}"
EndProject
Project("{FAE04EC0-301F-11D3-BF4B-00C04F79EFBC}") = "ChatBot.Business", "src\ChatBot.Business\ChatBot.Business.csproj", "{3765A464-0E7F-442B-8B5F-235DCCF09FA5}"
EndProject
Project("{FAE04EC0-301F-11D3-BF4B-00C04F79EFBC}") = "ChatBot.AuthProvider.Contract", "src\ChatBot.AuthProvider.Contract\ChatBot.AuthProvider.Contract.csproj", "{F1F617D5-4480-4894-93C8-1ED37AF89C18}"
EndProject
Project("{FAE04EC0-301F-11D3-BF4B-00C04F79EFBC}") = "ChatBot.AuthProvider.Firebase", "src\ChatBot.AuthProvider.Firebase\ChatBot.AuthProvider.Firebase.csproj", "{B0E9FE42-F0AC-4E63-B6FB-27DDD57A5566}"
EndProject
Global
	GlobalSection(SolutionConfigurationPlatforms) = preSolution
		Debug|Any CPU = Debug|Any CPU
		Debug|x64 = Debug|x64
		Debug|x86 = Debug|x86
		Release|Any CPU = Release|Any CPU
		Release|x64 = Release|x64
		Release|x86 = Release|x86
	EndGlobalSection
	GlobalSection(ProjectConfigurationPlatforms) = postSolution
		{C120D0A9-6B90-4BDC-AA9F-CCDD22B81115}.Debug|Any CPU.ActiveCfg = Debug|Any CPU
		{C120D0A9-6B90-4BDC-AA9F-CCDD22B81115}.Debug|Any CPU.Build.0 = Debug|Any CPU
		{C120D0A9-6B90-4BDC-AA9F-CCDD22B81115}.Debug|x64.ActiveCfg = Debug|Any CPU
		{C120D0A9-6B90-4BDC-AA9F-CCDD22B81115}.Debug|x64.Build.0 = Debug|Any CPU
		{C120D0A9-6B90-4BDC-AA9F-CCDD22B81115}.Debug|x86.ActiveCfg = Debug|Any CPU
		{C120D0A9-6B90-4BDC-AA9F-CCDD22B81115}.Debug|x86.Build.0 = Debug|Any CPU
		{C120D0A9-6B90-4BDC-AA9F-CCDD22B81115}.Release|Any CPU.ActiveCfg = Release|Any CPU
		{C120D0A9-6B90-4BDC-AA9F-CCDD22B81115}.Release|Any CPU.Build.0 = Release|Any CPU
		{C120D0A9-6B90-4BDC-AA9F-CCDD22B81115}.Release|x64.ActiveCfg = Release|Any CPU
		{C120D0A9-6B90-4BDC-AA9F-CCDD22B81115}.Release|x64.Build.0 = Release|Any CPU
		{C120D0A9-6B90-4BDC-AA9F-CCDD22B81115}.Release|x86.ActiveCfg = Release|Any CPU
		{C120D0A9-6B90-4BDC-AA9F-CCDD22B81115}.Release|x86.Build.0 = Release|Any CPU
		{66DD66A5-D25B-434E-AD83-136D4A457F88}.Debug|Any CPU.ActiveCfg = Debug|Any CPU
		{66DD66A5-D25B-434E-AD83-136D4A457F88}.Debug|Any CPU.Build.0 = Debug|Any CPU
		{66DD66A5-D25B-434E-AD83-136D4A457F88}.Debug|x64.ActiveCfg = Debug|Any CPU
		{66DD66A5-D25B-434E-AD83-136D4A457F88}.Debug|x64.Build.0 = Debug|Any CPU
		{66DD66A5-D25B-434E-AD83-136D4A457F88}.Debug|x86.ActiveCfg = Debug|Any CPU
		{66DD66A5-D25B-434E-AD83-136D4A457F88}.Debug|x86.Build.0 = Debug|Any CPU
		{66DD66A5-D25B-434E-AD83-136D4A457F88}.Release|Any CPU.ActiveCfg = Release|Any CPU
		{66DD66A5-D25B-434E-AD83-136D4A457F88}.Release|Any CPU.Build.0 = Release|Any CPU
		{66DD66A5-D25B-434E-AD83-136D4A457F88}.Release|x64.ActiveCfg = Release|Any CPU
		{66DD66A5-D25B-434E-AD83-136D4A457F88}.Release|x64.Build.0 = Release|Any CPU
		{66DD66A5-D25B-434E-AD83-136D4A457F88}.Release|x86.ActiveCfg = Release|Any CPU
		{66DD66A5-D25B-434E-AD83-136D4A457F88}.Release|x86.Build.0 = Release|Any CPU
		{EBB521A1-F78F-4DD4-AE8A-DE544357E5E6}.Debug|Any CPU.ActiveCfg = Debug|Any CPU
		{EBB521A1-F78F-4DD4-AE8A-DE544357E5E6}.Debug|Any CPU.Build.0 = Debug|Any CPU
		{EBB521A1-F78F-4DD4-AE8A-DE544357E5E6}.Debug|x64.ActiveCfg = Debug|Any CPU
		{EBB521A1-F78F-4DD4-AE8A-DE544357E5E6}.Debug|x64.Build.0 = Debug|Any CPU
		{EBB521A1-F78F-4DD4-AE8A-DE544357E5E6}.Debug|x86.ActiveCfg = Debug|Any CPU
		{EBB521A1-F78F-4DD4-AE8A-DE544357E5E6}.Debug|x86.Build.0 = Debug|Any CPU
		{EBB521A1-F78F-4DD4-AE8A-DE544357E5E6}.Release|Any CPU.ActiveCfg = Release|Any CPU
		{EBB521A1-F78F-4DD4-AE8A-DE544357E5E6}.Release|Any CPU.Build.0 = Release|Any CPU
		{EBB521A1-F78F-4DD4-AE8A-DE544357E5E6}.Release|x64.ActiveCfg = Release|Any CPU
		{EBB521A1-F78F-4DD4-AE8A-DE544357E5E6}.Release|x64.Build.0 = Release|Any CPU
		{EBB521A1-F78F-4DD4-AE8A-DE544357E5E6}.Release|x86.ActiveCfg = Release|Any CPU
		{EBB521A1-F78F-4DD4-AE8A-DE544357E5E6}.Release|x86.Build.0 = Release|Any CPU
		{DCDBEC54-8BC0-4C36-AA84-5D5562E4E167}.Debug|Any CPU.ActiveCfg = Debug|Any CPU
		{DCDBEC54-8BC0-4C36-AA84-5D5562E4E167}.Debug|Any CPU.Build.0 = Debug|Any CPU
		{DCDBEC54-8BC0-4C36-AA84-5D5562E4E167}.Debug|x64.ActiveCfg = Debug|Any CPU
		{DCDBEC54-8BC0-4C36-AA84-5D5562E4E167}.Debug|x64.Build.0 = Debug|Any CPU
		{DCDBEC54-8BC0-4C36-AA84-5D5562E4E167}.Debug|x86.ActiveCfg = Debug|Any CPU
		{DCDBEC54-8BC0-4C36-AA84-5D5562E4E167}.Debug|x86.Build.0 = Debug|Any CPU
		{DCDBEC54-8BC0-4C36-AA84-5D5562E4E167}.Release|Any CPU.ActiveCfg = Release|Any CPU
		{DCDBEC54-8BC0-4C36-AA84-5D5562E4E167}.Release|Any CPU.Build.0 = Release|Any CPU
		{DCDBEC54-8BC0-4C36-AA84-5D5562E4E167}.Release|x64.ActiveCfg = Release|Any CPU
		{DCDBEC54-8BC0-4C36-AA84-5D5562E4E167}.Release|x64.Build.0 = Release|Any CPU
		{DCDBEC54-8BC0-4C36-AA84-5D5562E4E167}.Release|x86.ActiveCfg = Release|Any CPU
		{DCDBEC54-8BC0-4C36-AA84-5D5562E4E167}.Release|x86.Build.0 = Release|Any CPU
		{3765A464-0E7F-442B-8B5F-235DCCF09FA5}.Debug|Any CPU.ActiveCfg = Debug|Any CPU
		{3765A464-0E7F-442B-8B5F-235DCCF09FA5}.Debug|Any CPU.Build.0 = Debug|Any CPU
		{3765A464-0E7F-442B-8B5F-235DCCF09FA5}.Debug|x64.ActiveCfg = Debug|Any CPU
		{3765A464-0E7F-442B-8B5F-235DCCF09FA5}.Debug|x64.Build.0 = Debug|Any CPU
		{3765A464-0E7F-442B-8B5F-235DCCF09FA5}.Debug|x86.ActiveCfg = Debug|Any CPU
		{3765A464-0E7F-442B-8B5F-235DCCF09FA5}.Debug|x86.Build.0 = Debug|Any CPU
		{3765A464-0E7F-442B-8B5F-235DCCF09FA5}.Release|Any CPU.ActiveCfg = Release|Any CPU
		{3765A464-0E7F-442B-8B5F-235DCCF09FA5}.Release|Any CPU.Build.0 = Release|Any CPU
		{3765A464-0E7F-442B-8B5F-235DCCF09FA5}.Release|x64.ActiveCfg = Release|Any CPU
		{3765A464-0E7F-442B-8B5F-235DCCF09FA5}.Release|x64.Build.0 = Release|Any CPU
		{3765A464-0E7F-442B-8B5F-235DCCF09FA5}.Release|x86.ActiveCfg = Release|Any CPU
		{3765A464-0E7F-442B-8B5F-235DCCF09FA5}.Release|x86.Build.0 = Release|Any CPU
		{F1F617D5-4480-4894-93C8-1ED37AF89C18}.Debug|Any CPU.ActiveCfg = Debug|Any CPU
		{F1F617D5-4480-4894-93C8-1ED37AF89C18}.Debug|Any CPU.Build.0 = Debug|Any CPU
		{F1F617D5-4480-4894-93C8-1ED37AF89C18}.Debug|x64.ActiveCfg = Debug|Any CPU
		{F1F617D5-4480-4894-93C8-1ED37AF89C18}.Debug|x64.Build.0 = Debug|Any CPU
		{F1F617D5-4480-4894-93C8-1ED37AF89C18}.Debug|x86.ActiveCfg = Debug|Any CPU
		{F1F617D5-4480-4894-93C8-1ED37AF89C18}.Debug|x86.Build.0 = Debug|Any CPU
		{F1F617D5-4480-4894-93C8-1ED37AF89C18}.Release|Any CPU.ActiveCfg = Release|Any CPU
		{F1F617D5-4480-4894-93C8-1ED37AF89C18}.Release|Any CPU.Build.0 = Release|Any CPU
		{F1F617D5-4480-4894-93C8-1ED37AF89C18}.Release|x64.ActiveCfg = Release|Any CPU
		{F1F617D5-4480-4894-93C8-1ED37AF89C18}.Release|x64.Build.0 = Release|Any CPU
		{F1F617D5-4480-4894-93C8-1ED37AF89C18}.Release|x86.ActiveCfg = Release|Any CPU
		{F1F617D5-4480-4894-93C8-1ED37AF89C18}.Release|x86.Build.0 = Release|Any CPU
		{B0E9FE42-F0AC-4E63-B6FB-27DDD57A5566}.Debug|Any CPU.ActiveCfg = Debug|Any CPU
		{B0E9FE42-F0AC-4E63-B6FB-27DDD57A5566}.Debug|Any CPU.Build.0 = Debug|Any CPU
		{B0E9FE42-F0AC-4E63-B6FB-27DDD57A5566}.Debug|x64.ActiveCfg = Debug|Any CPU
		{B0E9FE42-F0AC-4E63-B6FB-27DDD57A5566}.Debug|x64.Build.0 = Debug|Any CPU
		{B0E9FE42-F0AC-4E63-B6FB-27DDD57A5566}.Debug|x86.ActiveCfg = Debug|Any CPU
		{B0E9FE42-F0AC-4E63-B6FB-27DDD57A5566}.Debug|x86.Build.0 = Debug|Any CPU
		{B0E9FE42-F0AC-4E63-B6FB-27DDD57A5566}.Release|Any CPU.ActiveCfg = Release|Any CPU
		{B0E9FE42-F0AC-4E63-B6FB-27DDD57A5566}.Release|Any CPU.Build.0 = Release|Any CPU
		{B0E9FE42-F0AC-4E63-B6FB-27DDD57A5566}.Release|x64.ActiveCfg = Release|Any CPU
		{B0E9FE42-F0AC-4E63-B6FB-27DDD57A5566}.Release|x64.Build.0 = Release|Any CPU
		{B0E9FE42-F0AC-4E63-B6FB-27DDD57A5566}.Release|x86.ActiveCfg = Release|Any CPU
		{B0E9FE42-F0AC-4E63-B6FB-27DDD57A5566}.Release|x86.Build.0 = Release|Any CPU
	EndGlobalSection
	GlobalSection(SolutionProperties) = preSolution
		HideSolutionNode = FALSE
	EndGlobalSection
	GlobalSection(ExtensibilityGlobals) = postSolution
		SolutionGuid = {C9B521C1-D8AD-4D02-AD75-DF9BF2990112}
	EndGlobalSection
EndGlobal
